<?xml version="1.0" encoding="UTF-8" standalone="yes" ?>
<CodeBlocks_project_file>
	<FileVersion major="1" minor="6" />
	<Project>
		<Option title="Project_V2_SIAM_PASCAL_GERONDEAU" />
		<Option pch_mode="2" />
		<Option compiler="gcc" />
		<Build>
			<Target title="Debug">
				<Option output="bin/Debug/Project_V2_SIAM_PASCAL_GERONDEAU" prefix_auto="1" extension_auto="1" />
				<Option object_output="obj/Debug/" />
				<Option type="1" />
				<Option compiler="gcc" />
				<Compiler>
					<Add option="-g" />
					<Add directory="include" />
				</Compiler>
			</Target>
			<Target title="Release">
				<Option output="bin/Release/Project_V2_SIAM_PASCAL_GERONDEAU" prefix_auto="1" extension_auto="1" />
				<Option object_output="obj/Release/" />
				<Option type="1" />
				<Option compiler="gcc" />
				<Compiler>
					<Add option="-O2" />
					<Add directory="include" />
				</Compiler>
				<Linker>
					<Add option="-s" />
				</Linker>
			</Target>
		</Build>
		<Compiler>
			<Add option="-Wall" />
			<Add option="-fexceptions" />
		</Compiler>
		<Unit filename="include/BoardGame.hpp" />
		<Unit filename="include/Console.h" />
		<Unit filename="include/Game.hpp" />
		<Unit filename="include/General.h" />
		<Unit filename="include/Mountain.hpp" />
		<Unit filename="include/Pawn.hpp" />
		<Unit filename="include/Piece.hpp" />
		<Unit filename="include/Player.hpp" />
		<Unit filename="main.cpp" />
		<Unit filename="main.hpp" />
		<Unit filename="src/BoardGame.cpp" />
		<Unit filename="src/Console.cpp" />
		<Unit filename="src/Game.cpp" />
		<Unit filename="src/Mountain.cpp" />
		<Unit filename="src/Pawn.cpp" />
		<Unit filename="src/Piece.cpp" />
		<Unit filename="src/Player.cpp" />
		<Extensions>
			<code_completion />
			<envvars />
			<debugger />
		</Extensions>
	</Project>
</CodeBlocks_project_file>
